PODS:
  - AFNetworking (2.4.1):
    - AFNetworking/NSURLConnection
    - AFNetworking/NSURLSession
    - AFNetworking/Reachability
    - AFNetworking/Security
    - AFNetworking/Serialization
    - AFNetworking/UIKit
  - AFNetworking/NSURLConnection (2.4.1):
    - AFNetworking/Reachability
    - AFNetworking/Security
    - AFNetworking/Serialization
  - AFNetworking/NSURLSession (2.4.1):
    - AFNetworking/Reachability
    - AFNetworking/Security
    - AFNetworking/Serialization
  - AFNetworking/Reachability (2.4.1)
  - AFNetworking/Security (2.4.1)
  - AFNetworking/Serialization (2.4.1)
  - AFNetworking/UIKit (2.4.1):
    - AFNetworking/NSURLConnection
    - AFNetworking/NSURLSession
  - BlocksKit (2.2.5):
    - BlocksKit/All
  - BlocksKit/All (2.2.5):
    - BlocksKit/Core
    - BlocksKit/DynamicDelegate
    - BlocksKit/MessageUI
    - BlocksKit/UIKit
  - BlocksKit/Core (2.2.5)
  - BlocksKit/DynamicDelegate (2.2.5)
  - BlocksKit/MessageUI (2.2.5):
    - BlocksKit/Core
    - BlocksKit/DynamicDelegate
  - BlocksKit/UIKit (2.2.5):
    - BlocksKit/Core
    - BlocksKit/DynamicDelegate
  - Masonry (0.6.1)
  - MBProgressHUD (0.9)
  - MLTransition (1.0)
  - RDVTabBarController (1.1.9)

DEPENDENCIES:
  - AFNetworking (~> 2.4.1)
  - BlocksKit (~> 2.2.5)
  - Masonry (~> 0.6.1)
  - MBProgressHUD (~> 0.9)
  - MLTransition (~> 1.0)
  - RDVTabBarController

SPEC CHECKSUMS:
  AFNetworking: 41d45d2c14219af0fa5addf3cfd433a002c13c9f
  BlocksKit: 7f422b971407001178d181a43b99014ea2591fe6
  Masonry: 4972309f2f134de9dd312f4dc4a21359b50e6caa
  MBProgressHUD: d8e7ea388dc1549a42e0d219067cf5f2c898fb66
  MLTransition: c6d387be3a133c88626a3eeb567f6d2f4281b740
  RDVTabBarController: 67794f7a7a37f8e32f046f85ac67d06ab92d624a

COCOAPODS: 0.34.4
